
Microsoft Visual Studio Solution File, Format Version 12.00
Project("{FAE04EC0-301F-11D3-BF4B-00C04F79EFBC}") = "CalculatorByMachineLearning", "CalculatorByMachineLearning\CalculatorByMachineLearning.csproj", "{CA45E535-B510-48E3-940D-7A0D8A61DEBA}"
EndProject
Global
	GlobalSection(SolutionConfigurationPlatforms) = preSolution
		Debug|Any CPU = Debug|Any CPU
		Release|Any CPU = Release|Any CPU
	EndGlobalSection
	GlobalSection(ProjectConfigurationPlatforms) = postSolution
		{CA45E535-B510-48E3-940D-7A0D8A61DEBA}.Debug|Any CPU.ActiveCfg = Debug|Any CPU
		{CA45E535-B510-48E3-940D-7A0D8A61DEBA}.Debug|Any CPU.Build.0 = Debug|Any CPU
		{CA45E535-B510-48E3-940D-7A0D8A61DEBA}.Release|Any CPU.ActiveCfg = Release|Any CPU
		{CA45E535-B510-48E3-940D-7A0D8A61DEBA}.Release|Any CPU.Build.0 = Release|Any CPU
	EndGlobalSection
EndGlobal
